// !$*UTF8*$!
{
	archiveVersion = 1;
	classes = {
	};
	objectVersion = 56;
	objects = {

/* Begin PBXBuildFile section */
		037DAB622D146162002D4656 /* First_GitApp.swift in Sources */ = {isa = PBXBuildFile; fileRef = 037DAB612D146162002D4656 /* First_GitApp.swift */; };
		037DAB642D146162002D4656 /* ContentView.swift in Sources */ = {isa = PBXBuildFile; fileRef = 037DAB632D146162002D4656 /* ContentView.swift */; };
		037DAB662D146163002D4656 /* Assets.xcassets in Resources */ = {isa = PBXBuildFile; fileRef = 037DAB652D146163002D4656 /* Assets.xcassets */; };
		037DAB692D146163002D4656 /* Preview Assets.xcassets in Resources */ = {isa = PBXBuildFile; fileRef = 037DAB682D146163002D4656 /* Preview Assets.xcassets */; };
		037DAB732D146163002D4656 /* First_GitTests.swift in Sources */ = {isa = PBXBuildFile; fileRef = 037DAB722D146163002D4656 /* First_GitTests.swift */; };
		037DAB7D2D146163002D4656 /* First_GitUITests.swift in Sources */ = {isa = PBXBuildFile; fileRef = 037DAB7C2D146163002D4656 /* First_GitUITests.swift */; };
		037DAB7F2D146163002D4656 /* First_GitUITestsLaunchTests.swift in Sources */ = {isa = PBXBuildFile; fileRef = 037DAB7E2D146163002D4656 /* First_GitUITestsLaunchTests.swift */; };
/* End PBXBuildFile section */

/* Begin PBXContainerItemProxy section */
		037DAB6F2D146163002D4656 /* PBXContainerItemProxy */ = {
			isa = PBXContainerItemProxy;
			containerPortal = 037DAB562D146162002D4656 /* Project object */;
			proxyType = 1;
			remoteGlobalIDString = 037DAB5D2D146162002D4656;
			remoteInfo = "First Git";
		};
		037DAB792D146163002D4656 /* PBXContainerItemProxy */ = {
			isa = PBXContainerItemProxy;
			containerPortal = 037DAB562D146162002D4656 /* Project object */;
			proxyType = 1;
			remoteGlobalIDString = 037DAB5D2D146162002D4656;
			remoteInfo = "First Git";
		};
/* End PBXContainerItemProxy section */

/* Begin PBXFileReference section */
		037DAB5E2D146162002D4656 /* First Git.app */ = {isa = PBXFileReference; explicitFileType = wrapper.application; includeInIndex = 0; path = "First Git.app"; sourceTree = BUILT_PRODUCTS_DIR; };
		037DAB612D146162002D4656 /* First_GitApp.swift */ = {isa = PBXFileReference; lastKnownFileType = sourcecode.swift; path = First_GitApp.swift; sourceTree = "<group>"; };
		037DAB632D146162002D4656 /* ContentView.swift */ = {isa = PBXFileReference; lastKnownFileType = sourcecode.swift; path = ContentView.swift; sourceTree = "<group>"; };
		037DAB652D146163002D4656 /* Assets.xcassets */ = {isa = PBXFileReference; lastKnownFileType = folder.assetcatalog; path = Assets.xcassets; sourceTree = "<group>"; };
		037DAB682D146163002D4656 /* Preview Assets.xcassets */ = {isa = PBXFileReference; lastKnownFileType = folder.assetcatalog; path = "Preview Assets.xcassets"; sourceTree = "<group>"; };
		037DAB6E2D146163002D4656 /* First GitTests.xctest */ = {isa = PBXFileReference; explicitFileType = wrapper.cfbundle; includeInIndex = 0; path = "First GitTests.xctest"; sourceTree = BUILT_PRODUCTS_DIR; };
		037DAB722D146163002D4656 /* First_GitTests.swift */ = {isa = PBXFileReference; lastKnownFileType = sourcecode.swift; path = First_GitTests.swift; sourceTree = "<group>"; };
		037DAB782D146163002D4656 /* First GitUITests.xctest */ = {isa = PBXFileReference; explicitFileType = wrapper.cfbundle; includeInIndex = 0; path = "First GitUITests.xctest"; sourceTree = BUILT_PRODUCTS_DIR; };
		037DAB7C2D146163002D4656 /* First_GitUITests.swift */ = {isa = PBXFileReference; lastKnownFileType = sourcecode.swift; path = First_GitUITests.swift; sourceTree = "<group>"; };
		037DAB7E2D146163002D4656 /* First_GitUITestsLaunchTests.swift */ = {isa = PBXFileReference; lastKnownFileType = sourcecode.swift; path = First_GitUITestsLaunchTests.swift; sourceTree = "<group>"; };
/* End PBXFileReference section */

/* Begin PBXFrameworksBuildPhase section */
		037DAB5B2D146162002D4656 /* Frameworks */ = {
			isa = PBXFrameworksBuildPhase;
			buildActionMask = 2147483647;
			files = (
			);
			runOnlyForDeploymentPostprocessing = 0;
		};
		037DAB6B2D146163002D4656 /* Frameworks */ = {
			isa = PBXFrameworksBuildPhase;
			buildActionMask = 2147483647;
			files = (
			);
			runOnlyForDeploymentPostprocessing = 0;
		};
		037DAB752D146163002D4656 /* Frameworks */ = {
			isa = PBXFrameworksBuildPhase;
			buildActionMask = 2147483647;
			files = (
			);
			runOnlyForDeploymentPostprocessing = 0;
		};
/* End PBXFrameworksBuildPhase section */

/* Begin PBXGroup section */
		037DAB552D146162002D4656 = {
			isa = PBXGroup;
			children = (
				037DAB602D146162002D4656 /* First Git */,
				037DAB712D146163002D4656 /* First GitTests */,
				037DAB7B2D146163002D4656 /* First GitUITests */,
				037DAB5F2D146162002D4656 /* Products */,
			);
			sourceTree = "<group>";
		};
		037DAB5F2D146162002D4656 /* Products */ = {
			isa = PBXGroup;
			children = (
				037DAB5E2D146162002D4656 /* First Git.app */,
				037DAB6E2D146163002D4656 /* First GitTests.xctest */,
				037DAB782D146163002D4656 /* First GitUITests.xctest */,
			);
			name = Products;
			sourceTree = "<group>";
		};
		037DAB602D146162002D4656 /* First Git */ = {
			isa = PBXGroup;
			children = (
				037DAB612D146162002D4656 /* First_GitApp.swift */,
				037DAB632D146162002D4656 /* ContentView.swift */,
				037DAB652D146163002D4656 /* Assets.xcassets */,
				037DAB672D146163002D4656 /* Preview Content */,
			);
			path = "First Git";
			sourceTree = "<group>";
		};
		037DAB672D146163002D4656 /* Preview Content */ = {
			isa = PBXGroup;
			children = (
				037DAB682D146163002D4656 /* Preview Assets.xcassets */,
			);
			path = "Preview Content";
			sourceTree = "<group>";
		};
		037DAB712D146163002D4656 /* First GitTests */ = {
			isa = PBXGroup;
			children = (
				037DAB722D146163002D4656 /* First_GitTests.swift */,
			);
			path = "First GitTests";
			sourceTree = "<group>";
		};
		037DAB7B2D146163002D4656 /* First GitUITests */ = {
			isa = PBXGroup;
			children = (
				037DAB7C2D146163002D4656 /* First_GitUITests.swift */,
				037DAB7E2D146163002D4656 /* First_GitUITestsLaunchTests.swift */,
			);
			path = "First GitUITests";
			sourceTree = "<group>";
		};
/* End PBXGroup section */

/* Begin PBXNativeTarget section */
		037DAB5D2D146162002D4656 /* First Git */ = {
			isa = PBXNativeTarget;
			buildConfigurationList = 037DAB822D146163002D4656 /* Build configuration list for PBXNativeTarget "First Git" */;
			buildPhases = (
				037DAB5A2D146162002D4656 /* Sources */,
				037DAB5B2D146162002D4656 /* Frameworks */,
				037DAB5C2D146162002D4656 /* Resources */,
			);
			buildRules = (
			);
			dependencies = (
			);
			name = "First Git";
			productName = "First Git";
			productReference = 037DAB5E2D146162002D4656 /* First Git.app */;
			productType = "com.apple.product-type.application";
		};
		037DAB6D2D146163002D4656 /* First GitTests */ = {
			isa = PBXNativeTarget;
			buildConfigurationList = 037DAB852D146163002D4656 /* Build configuration list for PBXNativeTarget "First GitTests" */;
			buildPhases = (
				037DAB6A2D146163002D4656 /* Sources */,
				037DAB6B2D146163002D4656 /* Frameworks */,
				037DAB6C2D146163002D4656 /* Resources */,
			);
			buildRules = (
			);
			dependencies = (
				037DAB702D146163002D4656 /* PBXTargetDependency */,
			);
			name = "First GitTests";
			productName = "First GitTests";
			productReference = 037DAB6E2D146163002D4656 /* First GitTests.xctest */;
			productType = "com.apple.product-type.bundle.unit-test";
		};
		037DAB772D146163002D4656 /* First GitUITests */ = {
			isa = PBXNativeTarget;
			buildConfigurationList = 037DAB882D146163002D4656 /* Build configuration list for PBXNativeTarget "First GitUITests" */;
			buildPhases = (
				037DAB742D146163002D4656 /* Sources */,
				037DAB752D146163002D4656 /* Frameworks */,
				037DAB762D146163002D4656 /* Resources */,
			);
			buildRules = (
			);
			dependencies = (
				037DAB7A2D146163002D4656 /* PBXTargetDependency */,
			);
			name = "First GitUITests";
			productName = "First GitUITests";
			productReference = 037DAB782D146163002D4656 /* First GitUITests.xctest */;
			productType = "com.apple.product-type.bundle.ui-testing";
		};
/* End PBXNativeTarget section */

/* Begin PBXProject section */
		037DAB562D146162002D4656 /* Project object */ = {
			isa = PBXProject;
			attributes = {
				BuildIndependentTargetsInParallel = 1;
				LastSwiftUpdateCheck = 1530;
				LastUpgradeCheck = 1530;
				TargetAttributes = {
					037DAB5D2D146162002D4656 = {
						CreatedOnToolsVersion = 15.3;
					};
					037DAB6D2D146163002D4656 = {
						CreatedOnToolsVersion = 15.3;
						TestTargetID = 037DAB5D2D146162002D4656;
					};
					037DAB772D146163002D4656 = {
						CreatedOnToolsVersion = 15.3;
						TestTargetID = 037DAB5D2D146162002D4656;
					};
				};
			};
			buildConfigurationList = 037DAB592D146162002D4656 /* Build configuration list for PBXProject "First Git" */;
			compatibilityVersion = "Xcode 14.0";
			developmentRegion = en;
			hasScannedForEncodings = 0;
			knownRegions = (
				en,
				Base,
			);
			mainGroup = 037DAB552D146162002D4656;
			productRefGroup = 037DAB5F2D146162002D4656 /* Products */;
			projectDirPath = "";
			projectRoot = "";
			targets = (
				037DAB5D2D146162002D4656 /* First Git */,
				037DAB6D2D146163002D4656 /* First GitTests */,
				037DAB772D146163002D4656 /* First GitUITests */,
			);
		};
/* End PBXProject section */

/* Begin PBXResourcesBuildPhase section */
		037DAB5C2D146162002D4656 /* Resources */ = {
			isa = PBXResourcesBuildPhase;
			buildActionMask = 2147483647;
			files = (
				037DAB692D146163002D4656 /* Preview Assets.xcassets in Resources */,
				037DAB662D146163002D4656 /* Assets.xcassets in Resources */,
			);
			runOnlyForDeploymentPostprocessing = 0;
		};
		037DAB6C2D146163002D4656 /* Resources */ = {
			isa = PBXResourcesBuildPhase;
			buildActionMask = 2147483647;
			files = (
			);
			runOnlyForDeploymentPostprocessing = 0;
		};
		037DAB762D146163002D4656 /* Resources */ = {
			isa = PBXResourcesBuildPhase;
			buildActionMask = 2147483647;
			files = (
			);
			runOnlyForDeploymentPostprocessing = 0;
		};
/* End PBXResourcesBuildPhase section */

/* Begin PBXSourcesBuildPhase section */
		037DAB5A2D146162002D4656 /* Sources */ = {
			isa = PBXSourcesBuildPhase;
			buildActionMask = 2147483647;
			files = (
				037DAB642D146162002D4656 /* ContentView.swift in Sources */,
				037DAB622D146162002D4656 /* First_GitApp.swift in Sources */,
			);
			runOnlyForDeploymentPostprocessing = 0;
		};
		037DAB6A2D146163002D4656 /* Sources */ = {
			isa = PBXSourcesBuildPhase;
			buildActionMask = 2147483647;
			files = (
				037DAB732D146163002D4656 /* First_GitTests.swift in Sources */,
			);
			runOnlyForDeploymentPostprocessing = 0;
		};
		037DAB742D146163002D4656 /* Sources */ = {
			isa = PBXSourcesBuildPhase;
			buildActionMask = 2147483647;
			files = (
				037DAB7F2D146163002D4656 /* First_GitUITestsLaunchTests.swift in Sources */,
				037DAB7D2D146163002D4656 /* First_GitUITests.swift in Sources */,
			);
			runOnlyForDeploymentPostprocessing = 0;
		};
/* End PBXSourcesBuildPhase section */

/* Begin PBXTargetDependency section */
		037DAB702D146163002D4656 /* PBXTargetDependency */ = {
			isa = PBXTargetDependency;
			target = 037DAB5D2D146162002D4656 /* First Git */;
			targetProxy = 037DAB6F2D146163002D4656 /* PBXContainerItemProxy */;
		};
		037DAB7A2D146163002D4656 /* PBXTargetDependency */ = {
			isa = PBXTargetDependency;
			target = 037DAB5D2D146162002D4656 /* First Git */;
			targetProxy = 037DAB792D146163002D4656 /* PBXContainerItemProxy */;
		};
/* End PBXTargetDependency section */

/* Begin XCBuildConfiguration section */
		037DAB802D146163002D4656 /* Debug */ = {
			isa = XCBuildConfiguration;
			buildSettings = {
				ALWAYS_SEARCH_USER_PATHS = NO;
				ASSETCATALOG_COMPILER_GENERATE_SWIFT_ASSET_SYMBOL_EXTENSIONS = YES;
				CLANG_ANALYZER_NONNULL = YES;
				CLANG_ANALYZER_NUMBER_OBJECT_CONVERSION = YES_AGGRESSIVE;
				CLANG_CXX_LANGUAGE_STANDARD = "gnu++20";
				CLANG_ENABLE_MODULES = YES;
				CLANG_ENABLE_OBJC_ARC = YES;
				CLANG_ENABLE_OBJC_WEAK = YES;
				CLANG_WARN_BLOCK_CAPTURE_AUTORELEASING = YES;
				CLANG_WARN_BOOL_CONVERSION = YES;
				CLANG_WARN_COMMA = YES;
				CLANG_WARN_CONSTANT_CONVERSION = YES;
				CLANG_WARN_DEPRECATED_OBJC_IMPLEMENTATIONS = YES;
				CLANG_WARN_DIRECT_OBJC_ISA_USAGE = YES_ERROR;
				CLANG_WARN_DOCUMENTATION_COMMENTS = YES;
				CLANG_WARN_EMPTY_BODY = YES;
				CLANG_WARN_ENUM_CONVERSION = YES;
				CLANG_WARN_INFINITE_RECURSION = YES;
				CLANG_WARN_INT_CONVERSION = YES;
				CLANG_WARN_NON_LITERAL_NULL_CONVERSION = YES;
				CLANG_WARN_OBJC_IMPLICIT_RETAIN_SELF = YES;
				CLANG_WARN_OBJC_LITERAL_CONVERSION = YES;
				CLANG_WARN_OBJC_ROOT_CLASS = YES_ERROR;
				CLANG_WARN_QUOTED_INCLUDE_IN_FRAMEWORK_HEADER = YES;
				CLANG_WARN_RANGE_LOOP_ANALYSIS = YES;
				CLANG_WARN_STRICT_PROTOTYPES = YES;
				CLANG_WARN_SUSPICIOUS_MOVE = YES;
				CLANG_WARN_UNGUARDED_AVAILABILITY = YES_AGGRESSIVE;
				CLANG_WARN_UNREACHABLE_CODE = YES;
				CLANG_WARN__DUPLICATE_METHOD_MATCH = YES;
				COPY_PHASE_STRIP = NO;
				DEBUG_INFORMATION_FORMAT = dwarf;
				ENABLE_STRICT_OBJC_MSGSEND = YES;
				ENABLE_TESTABILITY = YES;
				ENABLE_USER_SCRIPT_SANDBOXING = YES;
				GCC_C_LANGUAGE_STANDARD = gnu17;
				GCC_DYNAMIC_NO_PIC = NO;
				GCC_NO_COMMON_BLOCKS = YES;
				GCC_OPTIMIZATION_LEVEL = 0;
				GCC_PREPROCESSOR_DEFINITIONS = (
					"DEBUG=1",
					"$(inherited)",
				);
				GCC_WARN_64_TO_32_BIT_CONVERSION = YES;
				GCC_WARN_ABOUT_RETURN_TYPE = YES_ERROR;
				GCC_WARN_UNDECLARED_SELECTOR = YES;
				GCC_WARN_UNINITIALIZED_AUTOS = YES_AGGRESSIVE;
				GCC_WARN_UNUSED_FUNCTION = YES;
				GCC_WARN_UNUSED_VARIABLE = YES;
				IPHONEOS_DEPLOYMENT_TARGET = 17.4;
				LOCALIZATION_PREFERS_STRING_CATALOGS = YES;
				MTL_ENABLE_DEBUG_INFO = INCLUDE_SOURCE;
				MTL_FAST_MATH = YES;
				ONLY_ACTIVE_ARCH = YES;
				SDKROOT = iphoneos;
				SWIFT_ACTIVE_COMPILATION_CONDITIONS = "DEBUG $(inherited)";
				SWIFT_OPTIMIZATION_LEVEL = "-Onone";
			};
			name = Debug;
		};
		037DAB812D146163002D4656 /* Release */ = {
			isa = XCBuildConfiguration;
			buildSettings = {
				ALWAYS_SEARCH_USER_PATHS = NO;
				ASSETCATALOG_COMPILER_GENERATE_SWIFT_ASSET_SYMBOL_EXTENSIONS = YES;
				CLANG_ANALYZER_NONNULL = YES;
				CLANG_ANALYZER_NUMBER_OBJECT_CONVERSION = YES_AGGRESSIVE;
				CLANG_CXX_LANGUAGE_STANDARD = "gnu++20";
				CLANG_ENABLE_MODULES = YES;
				CLANG_ENABLE_OBJC_ARC = YES;
				CLANG_ENABLE_OBJC_WEAK = YES;
				CLANG_WARN_BLOCK_CAPTURE_AUTORELEASING = YES;
				CLANG_WARN_BOOL_CONVERSION = YES;
				CLANG_WARN_COMMA = YES;
				CLANG_WARN_CONSTANT_CONVERSION = YES;
				CLANG_WARN_DEPRECATED_OBJC_IMPLEMENTATIONS = YES;
				CLANG_WARN_DIRECT_OBJC_ISA_USAGE = YES_ERROR;
				CLANG_WARN_DOCUMENTATION_COMMENTS = YES;
				CLANG_WARN_EMPTY_BODY = YES;
				CLANG_WARN_ENUM_CONVERSION = YES;
				CLANG_WARN_INFINITE_RECURSION = YES;
				CLANG_WARN_INT_CONVERSION = YES;
				CLANG_WARN_NON_LITERAL_NULL_CONVERSION = YES;
				CLANG_WARN_OBJC_IMPLICIT_RETAIN_SELF = YES;
				CLANG_WARN_OBJC_LITERAL_CONVERSION = YES;
				CLANG_WARN_OBJC_ROOT_CLASS = YES_ERROR;
				CLANG_WARN_QUOTED_INCLUDE_IN_FRAMEWORK_HEADER = YES;
				CLANG_WARN_RANGE_LOOP_ANALYSIS = YES;
				CLANG_WARN_STRICT_PROTOTYPES = YES;
				CLANG_WARN_SUSPICIOUS_MOVE = YES;
				CLANG_WARN_UNGUARDED_AVAILABILITY = YES_AGGRESSIVE;
				CLANG_WARN_UNREACHABLE_CODE = YES;
				CLANG_WARN__DUPLICATE_METHOD_MATCH = YES;
				COPY_PHASE_STRIP = NO;
				DEBUG_INFORMATION_FORMAT = "dwarf-with-dsym";
				ENABLE_NS_ASSERTIONS = NO;
				ENABLE_STRICT_OBJC_MSGSEND = YES;
				ENABLE_USER_SCRIPT_SANDBOXING = YES;
				GCC_C_LANGUAGE_STANDARD = gnu17;
				GCC_NO_COMMON_BLOCKS = YES;
				GCC_WARN_64_TO_32_BIT_CONVERSION = YES;
				GCC_WARN_ABOUT_RETURN_TYPE = YES_ERROR;
				GCC_WARN_UNDECLARED_SELECTOR = YES;
				GCC_WARN_UNINITIALIZED_AUTOS = YES_AGGRESSIVE;
				GCC_WARN_UNUSED_FUNCTION = YES;
				GCC_WARN_UNUSED_VARIABLE = YES;
				IPHONEOS_DEPLOYMENT_TARGET = 17.4;
				LOCALIZATION_PREFERS_STRING_CATALOGS = YES;
				MTL_ENABLE_DEBUG_INFO = NO;
				MTL_FAST_MATH = YES;
				SDKROOT = iphoneos;
				SWIFT_COMPILATION_MODE = wholemodule;
				VALIDATE_PRODUCT = YES;
			};
			name = Release;
		};
		037DAB832D146163002D4656 /* Debug */ = {
			isa = XCBuildConfiguration;
			buildSettings = {
				ASSETCATALOG_COMPILER_APPICON_NAME = AppIcon;
				ASSETCATALOG_COMPILER_GLOBAL_ACCENT_COLOR_NAME = AccentColor;
				CODE_SIGN_STYLE = Automatic;
				CURRENT_PROJECT_VERSION = 1;
				DEVELOPMENT_ASSET_PATHS = "\"First Git/Preview Content\"";
				ENABLE_PREVIEWS = YES;
				GENERATE_INFOPLIST_FILE = YES;
				INFOPLIST_KEY_UIApplicationSceneManifest_Generation = YES;
				INFOPLIST_KEY_UIApplicationSupportsIndirectInputEvents = YES;
				INFOPLIST_KEY_UILaunchScreen_Generation = YES;
				INFOPLIST_KEY_UISupportedInterfaceOrientations_iPad = "UIInterfaceOrientationPortrait UIInterfaceOrientationPortraitUpsideDown UIInterfaceOrientationLandscapeLeft UIInterfaceOrientationLandscapeRight";
				INFOPLIST_KEY_UISupportedInterfaceOrientations_iPhone = "UIInterfaceOrientationPortrait UIInterfaceOrientationLandscapeLeft UIInterfaceOrientationLandscapeRight";
				LD_RUNPATH_SEARCH_PATHS = (
					"$(inherited)",
					"@executable_path/Frameworks",
				);
				MARKETING_VERSION = 1.0;
				PRODUCT_BUNDLE_IDENTIFIER = "com.Anastasiasapps.First-Git";
				PRODUCT_NAME = "$(TARGET_NAME)";
				SWIFT_EMIT_LOC_STRINGS = YES;
				SWIFT_VERSION = 5.0;
				TARGETED_DEVICE_FAMILY = "1,2";
			};
			name = Debug;
		};
		037DAB842D146163002D4656 /* Release */ = {
			isa = XCBuildConfiguration;
			buildSettings = {
				ASSETCATALOG_COMPILER_APPICON_NAME = AppIcon;
				ASSETCATALOG_COMPILER_GLOBAL_ACCENT_COLOR_NAME = AccentColor;
				CODE_SIGN_STYLE = Automatic;
				CURRENT_PROJECT_VERSION = 1;
				DEVELOPMENT_ASSET_PATHS = "\"First Git/Preview Content\"";
				ENABLE_PREVIEWS = YES;
				GENERATE_INFOPLIST_FILE = YES;
				INFOPLIST_KEY_UIApplicationSceneManifest_Generation = YES;
				INFOPLIST_KEY_UIApplicationSupportsIndirectInputEvents = YES;
				INFOPLIST_KEY_UILaunchScreen_Generation = YES;
				INFOPLIST_KEY_UISupportedInterfaceOrientations_iPad = "UIInterfaceOrientationPortrait UIInterfaceOrientationPortraitUpsideDown UIInterfaceOrientationLandscapeLeft UIInterfaceOrientationLandscapeRight";
				INFOPLIST_KEY_UISupportedInterfaceOrientations_iPhone = "UIInterfaceOrientationPortrait UIInterfaceOrientationLandscapeLeft UIInterfaceOrientationLandscapeRight";
				LD_RUNPATH_SEARCH_PATHS = (
					"$(inherited)",
					"@executable_path/Frameworks",
				);
				MARKETING_VERSION = 1.0;
				PRODUCT_BUNDLE_IDENTIFIER = "com.Anastasiasapps.First-Git";
				PRODUCT_NAME = "$(TARGET_NAME)";
				SWIFT_EMIT_LOC_STRINGS = YES;
				SWIFT_VERSION = 5.0;
				TARGETED_DEVICE_FAMILY = "1,2";
			};
			name = Release;
		};
		037DAB862D146163002D4656 /* Debug */ = {
			isa = XCBuildConfiguration;
			buildSettings = {
				ALWAYS_EMBED_SWIFT_STANDARD_LIBRARIES = YES;
				BUNDLE_LOADER = "$(TEST_HOST)";
				CODE_SIGN_STYLE = Automatic;
				CURRENT_PROJECT_VERSION = 1;
				GENERATE_INFOPLIST_FILE = YES;
				IPHONEOS_DEPLOYMENT_TARGET = 17.4;
				MARKETING_VERSION = 1.0;
				PRODUCT_BUNDLE_IDENTIFIER = "com.Anastasiasapps.First-GitTests";
				PRODUCT_NAME = "$(TARGET_NAME)";
				SWIFT_EMIT_LOC_STRINGS = NO;
				SWIFT_VERSION = 5.0;
				TARGETED_DEVICE_FAMILY = "1,2";
				TEST_HOST = "$(BUILT_PRODUCTS_DIR)/First Git.app/$(BUNDLE_EXECUTABLE_FOLDER_PATH)/First Git";
			};
			name = Debug;
		};
		037DAB872D146163002D4656 /* Release */ = {
			isa = XCBuildConfiguration;
			buildSettings = {
				ALWAYS_EMBED_SWIFT_STANDARD_LIBRARIES = YES;
				BUNDLE_LOADER = "$(TEST_HOST)";
				CODE_SIGN_STYLE = Automatic;
				CURRENT_PROJECT_VERSION = 1;
				GENERATE_INFOPLIST_FILE = YES;
				IPHONEOS_DEPLOYMENT_TARGET = 17.4;
				MARKETING_VERSION = 1.0;
				PRODUCT_BUNDLE_IDENTIFIER = "com.Anastasiasapps.First-GitTests";
				PRODUCT_NAME = "$(TARGET_NAME)";
				SWIFT_EMIT_LOC_STRINGS = NO;
				SWIFT_VERSION = 5.0;
				TARGETED_DEVICE_FAMILY = "1,2";
				TEST_HOST = "$(BUILT_PRODUCTS_DIR)/First Git.app/$(BUNDLE_EXECUTABLE_FOLDER_PATH)/First Git";
			};
			name = Release;
		};
		037DAB892D146163002D4656 /* Debug */ = {
			isa = XCBuildConfiguration;
			buildSettings = {
				ALWAYS_EMBED_SWIFT_STANDARD_LIBRARIES = YES;
				CODE_SIGN_STYLE = Automatic;
				CURRENT_PROJECT_VERSION = 1;
				GENERATE_INFOPLIST_FILE = YES;
				MARKETING_VERSION = 1.0;
				PRODUCT_BUNDLE_IDENTIFIER = "com.Anastasiasapps.First-GitUITests";
				PRODUCT_NAME = "$(TARGET_NAME)";
				SWIFT_EMIT_LOC_STRINGS = NO;
				SWIFT_VERSION = 5.0;
				TARGETED_DEVICE_FAMILY = "1,2";
				TEST_TARGET_NAME = "First Git";
			};
			name = Debug;
		};
		037DAB8A2D146163002D4656 /* Release */ = {
			isa = XCBuildConfiguration;
			buildSettings = {
				ALWAYS_EMBED_SWIFT_STANDARD_LIBRARIES = YES;
				CODE_SIGN_STYLE = Automatic;
				CURRENT_PROJECT_VERSION = 1;
				GENERATE_INFOPLIST_FILE = YES;
				MARKETING_VERSION = 1.0;
				PRODUCT_BUNDLE_IDENTIFIER = "com.Anastasiasapps.First-GitUITests";
				PRODUCT_NAME = "$(TARGET_NAME)";
				SWIFT_EMIT_LOC_STRINGS = NO;
				SWIFT_VERSION = 5.0;
				TARGETED_DEVICE_FAMILY = "1,2";
				TEST_TARGET_NAME = "First Git";
			};
			name = Release;
		};
/* End XCBuildConfiguration section */

/* Begin XCConfigurationList section */
		037DAB592D146162002D4656 /* Build configuration list for PBXProject "First Git" */ = {
			isa = XCConfigurationList;
			buildConfigurations = (
				037DAB802D146163002D4656 /* Debug */,
				037DAB812D146163002D4656 /* Release */,
			);
			defaultConfigurationIsVisible = 0;
			defaultConfigurationName = Release;
		};
		037DAB822D146163002D4656 /* Build configuration list for PBXNativeTarget "First Git" */ = {
			isa = XCConfigurationList;
			buildConfigurations = (
				037DAB832D146163002D4656 /* Debug */,
				037DAB842D146163002D4656 /* Release */,
			);
			defaultConfigurationIsVisible = 0;
			defaultConfigurationName = Release;
		};
		037DAB852D146163002D4656 /* Build configuration list for PBXNativeTarget "First GitTests" */ = {
			isa = XCConfigurationList;
			buildConfigurations = (
				037DAB862D146163002D4656 /* Debug */,
				037DAB872D146163002D4656 /* Release */,
			);
			defaultConfigurationIsVisible = 0;
			defaultConfigurationName = Release;
		};
		037DAB882D146163002D4656 /* Build configuration list for PBXNativeTarget "First GitUITests" */ = {
			isa = XCConfigurationList;
			buildConfigurations = (
				037DAB892D146163002D4656 /* Debug */,
				037DAB8A2D146163002D4656 /* Release */,
			);
			defaultConfigurationIsVisible = 0;
			defaultConfigurationName = Release;
		};
/* End XCConfigurationList section */
	};
	rootObject = 037DAB562D146162002D4656 /* Project object */;
}
